github.com/HugoBlox/hugo-blox-builder/modules/blox-bootstrap/v5 v5.9.6 h1:EAnKwLLf27Wdl1IWpg0FpWiaAMuJyaTtBdvyUwJfU5c=
github.com/HugoBlox/hugo-blox-builder/modules/blox-bootstrap/v5 v5.9.6/go.mod h1:xZiTEEurbEwj/NhZohozvlyLCGVCT2wARHDAJeqKG/c=
github.com/HugoBlox/hugo-blox-builder/modules/blox-bootstrap/v5 v5.9.7 h1:QPek2BL723n+uM4DjyV97qNIoPsmt/vnKAQyaGJbgvQ=
github.com/HugoBlox/hugo-blox-builder/modules/blox-bootstrap/v5 v5.9.7/go.mod h1:xZiTEEurbEwj/NhZohozvlyLCGVCT2wARHDAJeqKG/c=
github.com/HugoBlox/hugo-blox-builder/modules/blox-core v0.3.1 h1:6GsVeNtYhzl14LLJRFRV1AonKGq8ZAduep/uiK5oEF4=
github.com/HugoBlox/hugo-blox-builder/modules/blox-core v0.3.1/go.mod h1:So8+V2U+TNxlXmcpZfdDX0muLh3PdJ7z92h30sv3bZg=
github.com/HugoBlox/hugo-blox-builder/modules/blox-plugin-netlify v1.1.2-0.20231108141515-0478cf6921f9 h1:tGPIc1B6W43X1SXx+ahBCwYnDp3Ll6SEa5mEdABzxAE=
github.com/HugoBlox/hugo-blox-builder/modules/blox-plugin-netlify v1.1.2-0.20231108141515-0478cf6921f9/go.mod h1:C7jfxMLv1bEUqbM9XDSmEpfOpS8w06OgqNDEcbuRgL4=
github.com/HugoBlox/hugo-blox-builder/modules/blox-plugin-netlify v1.1.2-0.20240602152624-676a1b20ee9f h1:8ikS1YeIwEOY3mGzS3ErRNbTXyh3XuDl+bEaeTEiAGE=
github.com/HugoBlox/hugo-blox-builder/modules/blox-plugin-netlify v1.1.2-0.20240602152624-676a1b20ee9f/go.mod h1:C7jfxMLv1bEUqbM9XDSmEpfOpS8w06OgqNDEcbuRgL4=
github.com/HugoBlox/hugo-blox-builder/modules/blox-plugin-netlify v1.1.2-0.20241214164702-e45ef47a097e h1:Ru+oZ5bGJlLYlR5swJd8ITsQfZ3yanzYyjnVBMA4YJ4=
github.com/HugoBlox/hugo-blox-builder/modules/blox-plugin-netlify v1.1.2-0.20241214164702-e45ef47a097e/go.mod h1:C7jfxMLv1bEUqbM9XDSmEpfOpS8w06OgqNDEcbuRgL4=
github.com/HugoBlox/hugo-blox-builder/modules/blox-plugin-reveal v1.1.2 h1:AyH1pungA2xQDHOrXiIssKOVMY1/qoJUgwrGiK7TzJM=
github.com/HugoBlox/hugo-blox-builder/modules/blox-plugin-reveal v1.1.2/go.mod h1:F7quX1aEkV2pToTpmDBXOSTkytAnCKkqv/JFLclqa2g=
github.com/HugoBlox/hugo-blox-builder/modules/blox-seo v0.2.2 h1:ccb5jQLKqiFFht24e6+yW9eie1yIm81/K1xhs7ZHZlM=
github.com/HugoBlox/hugo-blox-builder/modules/blox-seo v0.2.2/go.mod h1:NsESu6cEms1DgH84icCyylElg2Zu8A0f7Fma5JR0LZE=
github.com/HugoBlox/hugo-blox-builder/modules/blox-seo v0.2.3 h1:pg2uBp1kvNmhy+OmhjWnbPYU6diIcn8m8h3bzf82j8k=
github.com/HugoBlox/hugo-blox-builder/modules/blox-seo v0.2.3/go.mod h1:NsESu6cEms1DgH84icCyylElg2Zu8A0f7Fma5JR0LZE=
